<?xml version="1.0" encoding="utf-8"?>
<Project ToolsVersion="17.0" xmlns="http://schemas.microsoft.com/developer/msbuild/2003">
  <ItemGroup>
    <ClCompile Include="D:\Projects\RisLibraries\RisKtx2\RisKtx2.Native\library.cpp">
      <Filter>Source Files</Filter>
    </ClCompile>
    <ClCompile Include="D:\Projects\RisLibraries\RisKtx2\RisKtx2.Native\src\c_ktx.cpp">
      <Filter>Source Files</Filter>
    </ClCompile>
    <ClCompile Include="D:\Projects\RisLibraries\RisKtx2\RisKtx2.Native\src\c_stb_image.cpp">
      <Filter>Source Files</Filter>
    </ClCompile>
  </ItemGroup>
  <ItemGroup>
    <CustomBuild Include="D:\Projects\RisLibraries\RisKtx2\RisKtx2.Native\CMakeLists.txt" />
  </ItemGroup>
  <ItemGroup>
    <Filter Include="Source Files">
      <UniqueIdentifier>{DC6D1D98-4E2B-3CB5-AEBE-D4B7B891CBAA}</UniqueIdentifier>
    </Filter>
  </ItemGroup>
</Project>
