<?xml version="1.0" encoding="utf-8"?>
<Project ToolsVersion="17.0" xmlns="http://schemas.microsoft.com/developer/msbuild/2003">
  <ItemGroup>
    <CustomBuild Include="D:\Projects\RisLibraries\RisKtx2\RisKtx2.Native\cmake-release-debugvisualstudio\CMakeFiles\96b0b441a99cc2634de5aa569bfa075c\generate.stamp.rule">
      <Filter>CMake Rules</Filter>
    </CustomBuild>
  </ItemGroup>
  <ItemGroup>
    <Filter Include="CMake Rules">
      <UniqueIdentifier>{53E426EC-2C49-3C95-A814-D100E6B21FFB}</UniqueIdentifier>
    </Filter>
  </ItemGroup>
</Project>
